<?xml version="1.0" encoding="UTF-8" standalone="yes" ?>
<CodeBlocks_project_file>
	<FileVersion major="1" minor="6" />
	<Project>
		<Option title="iblayer3" />
		<Option pch_mode="2" />
		<Option compiler="gcc" />
		<Build>
			<Target title="Debug">
				<Option output="bin/Debug/iblayer3" prefix_auto="1" extension_auto="1" />
				<Option object_output="obj/Debug/" />
				<Option type="1" />
				<Option compiler="gcc" />
				<Compiler>
					<Add option="-g" />
				</Compiler>
			</Target>
		</Build>
		<Compiler>
			<Add option="-Wall" />
		</Compiler>
		<Unit filename="ext/cb/share/CodeBlocks/templates/SmartWin-main.cpp" />
		<Unit filename="ext/cb/share/CodeBlocks/templates/console-main-c.cpp" />
		<Unit filename="ext/cb/share/CodeBlocks/templates/console-main-cpp.cpp" />
		<Unit filename="ext/cb/share/CodeBlocks/templates/directx_main.cpp" />
		<Unit filename="ext/cb/share/CodeBlocks/templates/dll-main.cpp" />
		<Unit filename="ext/cb/share/CodeBlocks/templates/fltk-main.cpp" />
		<Unit filename="ext/cb/share/CodeBlocks/templates/glfw-main.cpp" />
		<Unit filename="ext/cb/share/CodeBlocks/templates/glut-main.cpp" />
		<Unit filename="ext/cb/share/CodeBlocks/templates/irr_main.cpp" />
		<Unit filename="ext/cb/share/CodeBlocks/templates/ogre-main.cpp" />
		<Unit filename="ext/cb/share/CodeBlocks/templates/opengl-main.cpp" />
		<Unit filename="ext/cb/share/CodeBlocks/templates/qt-main.cpp" />
		<Unit filename="ext/cb/share/CodeBlocks/templates/sdccapp-main.c">
			<Option compilerVar="CC" />
		</Unit>
		<Unit filename="ext/cb/share/CodeBlocks/templates/sdl-main.cpp" />
		<Unit filename="ext/cb/share/CodeBlocks/templates/sharedlib-sample.c">
			<Option compilerVar="CC" />
		</Unit>
		<Unit filename="ext/cb/share/CodeBlocks/templates/staticlib-sample.c">
			<Option compilerVar="CC" />
		</Unit>
		<Unit filename="ext/cb/share/CodeBlocks/templates/win32-main.cpp" />
		<Unit filename="ext/cb/share/CodeBlocks/templates/wizard/avr/files/main.c">
			<Option compilerVar="CC" />
		</Unit>
		<Unit filename="ext/cb/share/CodeBlocks/templates/wizard/avr/wizard.xrc" />
		<Unit filename="ext/cb/share/CodeBlocks/templates/wizard/console/c/main.c">
			<Option compilerVar="CC" />
		</Unit>
		<Unit filename="ext/cb/share/CodeBlocks/templates/wizard/console/cpp/main.cpp" />
		<Unit filename="ext/cb/share/CodeBlocks/templates/wizard/directx/files/main.cpp" />
		<Unit filename="ext/cb/share/CodeBlocks/templates/wizard/dll/files/main.cpp" />
		<Unit filename="ext/cb/share/CodeBlocks/templates/wizard/dll/files/main.h" />
		<Unit filename="ext/cb/share/CodeBlocks/templates/wizard/fltk/files/main.cpp" />
		<Unit filename="ext/cb/share/CodeBlocks/templates/wizard/fltk/fluid/main.cpp" />
		<Unit filename="ext/cb/share/CodeBlocks/templates/wizard/fltk/fluid/main.h" />
		<Unit filename="ext/cb/share/CodeBlocks/templates/wizard/glfw/files/main.cpp" />
		<Unit filename="ext/cb/share/CodeBlocks/templates/wizard/glut/files/main.cpp" />
		<Unit filename="ext/cb/share/CodeBlocks/templates/wizard/gtk/files/main.c">
			<Option compilerVar="CC" />
		</Unit>
		<Unit filename="ext/cb/share/CodeBlocks/templates/wizard/irrlicht/files/main.cpp" />
		<Unit filename="ext/cb/share/CodeBlocks/templates/wizard/lf/files/quick/main.cpp" />
		<Unit filename="ext/cb/share/CodeBlocks/templates/wizard/lf/files/structured/CMain.cpp" />
		<Unit filename="ext/cb/share/CodeBlocks/templates/wizard/lf/files/structured/CMain.h" />
		<Unit filename="ext/cb/share/CodeBlocks/templates/wizard/lf/files/structured/main.cpp" />
		<Unit filename="ext/cb/share/CodeBlocks/templates/wizard/ogre/files/main.cpp" />
		<Unit filename="ext/cb/share/CodeBlocks/templates/wizard/opengl/files_unix/main.c">
			<Option compilerVar="CC" />
		</Unit>
		<Unit filename="ext/cb/share/CodeBlocks/templates/wizard/opengl/files_win/main.c">
			<Option compilerVar="CC" />
		</Unit>
		<Unit filename="ext/cb/share/CodeBlocks/templates/wizard/plugins/templates/generic_template.cpp" />
		<Unit filename="ext/cb/share/CodeBlocks/templates/wizard/plugins/templates/generic_template.h" />
		<Unit filename="ext/cb/share/CodeBlocks/templates/wizard/plugins/templates/mime_template.cpp" />
		<Unit filename="ext/cb/share/CodeBlocks/templates/wizard/plugins/templates/mime_template.h" />
		<Unit filename="ext/cb/share/CodeBlocks/templates/wizard/plugins/templates/tool_template.cpp" />
		<Unit filename="ext/cb/share/CodeBlocks/templates/wizard/plugins/templates/tool_template.h" />
		<Unit filename="ext/cb/share/CodeBlocks/templates/wizard/plugins/templates/wizard_template.cpp" />
		<Unit filename="ext/cb/share/CodeBlocks/templates/wizard/plugins/templates/wizard_template.h" />
		<Unit filename="ext/cb/share/CodeBlocks/templates/wizard/plugins/wizard.xrc" />
		<Unit filename="ext/cb/share/CodeBlocks/templates/wizard/qt4/files/main.cpp" />
		<Unit filename="ext/cb/share/CodeBlocks/templates/wizard/sdl/files/main.cpp" />
		<Unit filename="ext/cb/share/CodeBlocks/templates/wizard/sharedlib/files/main.c">
			<Option compilerVar="CC" />
		</Unit>
		<Unit filename="ext/cb/share/CodeBlocks/templates/wizard/smartwin/files/main.cpp" />
		<Unit filename="ext/cb/share/CodeBlocks/templates/wizard/staticlib/files/main.c">
			<Option compilerVar="CC" />
		</Unit>
		<Unit filename="ext/cb/share/CodeBlocks/templates/wizard/sys/files/driver.c">
			<Option compilerVar="CC" />
		</Unit>
		<Unit filename="ext/cb/share/CodeBlocks/templates/wizard/win32gui/files/dialog/main.cpp" />
		<Unit filename="ext/cb/share/CodeBlocks/templates/wizard/win32gui/files/dialog/resource.h" />
		<Unit filename="ext/cb/share/CodeBlocks/templates/wizard/win32gui/files/dialog/resource.rc">
			<Option compilerVar="WINDRES" />
		</Unit>
		<Unit filename="ext/cb/share/CodeBlocks/templates/wizard/win32gui/files/frame/main.cpp" />
		<Unit filename="ext/cb/share/CodeBlocks/templates/wizard/wxwidgets/common/app.cpp" />
		<Unit filename="ext/cb/share/CodeBlocks/templates/wizard/wxwidgets/common/app.h" />
		<Unit filename="ext/cb/share/CodeBlocks/templates/wizard/wxwidgets/common/main.cpp" />
		<Unit filename="ext/cb/share/CodeBlocks/templates/wizard/wxwidgets/common/main.h" />
		<Unit filename="ext/cb/share/CodeBlocks/templates/wizard/wxwidgets/pch/wx_pch.h" />
		<Unit filename="ext/cb/share/CodeBlocks/templates/wizard/wxwidgets/rc/resource.rc">
			<Option compilerVar="WINDRES" />
		</Unit>
		<Unit filename="ext/cb/share/CodeBlocks/templates/wizard/wxwidgets/wizard.xrc" />
		<Unit filename="ext/cb/share/CodeBlocks/templates/wizard/wxwidgets/wxfb/dialog/GUIDialog.cpp" />
		<Unit filename="ext/cb/share/CodeBlocks/templates/wizard/wxwidgets/wxfb/dialog/GUIDialog.h" />
		<Unit filename="ext/cb/share/CodeBlocks/templates/wizard/wxwidgets/wxfb/frame/GUIFrame.cpp" />
		<Unit filename="ext/cb/share/CodeBlocks/templates/wizard/wxwidgets/wxfb/frame/GUIFrame.h" />
		<Unit filename="ext/cb/share/CodeBlocks/templates/wizard/wxwidgets/wxsmith/app.cpp" />
		<Unit filename="ext/cb/share/CodeBlocks/templates/wizard/wxwidgets/wxsmith/main.cpp" />
		<Unit filename="ext/cb/share/CodeBlocks/templates/wizard/wxwidgets/wxsmith/main.h" />
		<Unit filename="ext/cb/share/CodeBlocks/templates/wx-app-ash.cpp" />
		<Unit filename="ext/cb/share/CodeBlocks/templates/wx-app-ash.h" />
		<Unit filename="ext/cb/share/CodeBlocks/templates/wx-main-ash.cpp" />
		<Unit filename="ext/cb/share/CodeBlocks/templates/wx-main-ash.h" />
		<Unit filename="ext/cb/share/CodeBlocks/templates/wx-main-s.cpp" />
		<Unit filename="ext/cb/share/CodeBlocks/templates/wx-main-sh.cpp" />
		<Unit filename="ext/cb/share/CodeBlocks/templates/wx-main-sh.h" />
		<Unit filename="ext/cb/share/CodeBlocks/templates/wx_pch.h" />
		<Unit filename="ext/inc/libtcc.h" />
		<Unit filename="ext/inc/nuklear.h" />
		<Unit filename="ext/inc/raylib-nuklear.h" />
		<Unit filename="ext/raylib/camera.h" />
		<Unit filename="ext/raylib/config.h" />
		<Unit filename="ext/raylib/core.c">
			<Option compilerVar="CC" />
		</Unit>
		<Unit filename="ext/raylib/easings.h" />
		<Unit filename="ext/raylib/external/cgltf.h" />
		<Unit filename="ext/raylib/external/dirent.h" />
		<Unit filename="ext/raylib/external/dr_flac.h" />
		<Unit filename="ext/raylib/external/dr_mp3.h" />
		<Unit filename="ext/raylib/external/dr_wav.h" />
		<Unit filename="ext/raylib/external/glad.h" />
		<Unit filename="ext/raylib/external/glfw/deps/getopt.c">
			<Option compilerVar="CC" />
		</Unit>
		<Unit filename="ext/raylib/external/glfw/deps/getopt.h" />
		<Unit filename="ext/raylib/external/glfw/deps/glad/gl.h" />
		<Unit filename="ext/raylib/external/glfw/deps/glad/khrplatform.h" />
		<Unit filename="ext/raylib/external/glfw/deps/glad/vk_platform.h" />
		<Unit filename="ext/raylib/external/glfw/deps/glad/vulkan.h" />
		<Unit filename="ext/raylib/external/glfw/deps/glad_gl.c">
			<Option compilerVar="CC" />
		</Unit>
		<Unit filename="ext/raylib/external/glfw/deps/glad_vulkan.c">
			<Option compilerVar="CC" />
		</Unit>
		<Unit filename="ext/raylib/external/glfw/deps/mingw/_mingw_dxhelper.h" />
		<Unit filename="ext/raylib/external/glfw/deps/mingw/dinput.h" />
		<Unit filename="ext/raylib/external/glfw/deps/mingw/xinput.h" />
		<Unit filename="ext/raylib/external/glfw/deps/vs2008/stdint.h" />
		<Unit filename="ext/raylib/external/glfw/include/GLFW/glfw3.h" />
		<Unit filename="ext/raylib/external/glfw/include/GLFW/glfw3native.h" />
		<Unit filename="ext/raylib/external/glfw/src/cocoa_joystick.h" />
		<Unit filename="ext/raylib/external/glfw/src/cocoa_platform.h" />
		<Unit filename="ext/raylib/external/glfw/src/cocoa_time.c">
			<Option compilerVar="CC" />
		</Unit>
		<Unit filename="ext/raylib/external/glfw/src/context.c">
			<Option compilerVar="CC" />
		</Unit>
		<Unit filename="ext/raylib/external/glfw/src/egl_context.c">
			<Option compilerVar="CC" />
		</Unit>
		<Unit filename="ext/raylib/external/glfw/src/egl_context.h" />
		<Unit filename="ext/raylib/external/glfw/src/glx_context.c">
			<Option compilerVar="CC" />
		</Unit>
		<Unit filename="ext/raylib/external/glfw/src/glx_context.h" />
		<Unit filename="ext/raylib/external/glfw/src/init.c">
			<Option compilerVar="CC" />
		</Unit>
		<Unit filename="ext/raylib/external/glfw/src/input.c">
			<Option compilerVar="CC" />
		</Unit>
		<Unit filename="ext/raylib/external/glfw/src/internal.h" />
		<Unit filename="ext/raylib/external/glfw/src/linux_joystick.c">
			<Option compilerVar="CC" />
		</Unit>
		<Unit filename="ext/raylib/external/glfw/src/linux_joystick.h" />
		<Unit filename="ext/raylib/external/glfw/src/mappings.h" />
		<Unit filename="ext/raylib/external/glfw/src/monitor.c">
			<Option compilerVar="CC" />
		</Unit>
		<Unit filename="ext/raylib/external/glfw/src/nsgl_context.h" />
		<Unit filename="ext/raylib/external/glfw/src/null_init.c">
			<Option compilerVar="CC" />
		</Unit>
		<Unit filename="ext/raylib/external/glfw/src/null_joystick.c">
			<Option compilerVar="CC" />
		</Unit>
		<Unit filename="ext/raylib/external/glfw/src/null_joystick.h" />
		<Unit filename="ext/raylib/external/glfw/src/null_monitor.c">
			<Option compilerVar="CC" />
		</Unit>
		<Unit filename="ext/raylib/external/glfw/src/null_platform.h" />
		<Unit filename="ext/raylib/external/glfw/src/null_window.c">
			<Option compilerVar="CC" />
		</Unit>
		<Unit filename="ext/raylib/external/glfw/src/osmesa_context.c">
			<Option compilerVar="CC" />
		</Unit>
		<Unit filename="ext/raylib/external/glfw/src/osmesa_context.h" />
		<Unit filename="ext/raylib/external/glfw/src/posix_thread.c">
			<Option compilerVar="CC" />
		</Unit>
		<Unit filename="ext/raylib/external/glfw/src/posix_thread.h" />
		<Unit filename="ext/raylib/external/glfw/src/posix_time.c">
			<Option compilerVar="CC" />
		</Unit>
		<Unit filename="ext/raylib/external/glfw/src/posix_time.h" />
		<Unit filename="ext/raylib/external/glfw/src/vulkan.c">
			<Option compilerVar="CC" />
		</Unit>
		<Unit filename="ext/raylib/external/glfw/src/wgl_context.c">
			<Option compilerVar="CC" />
		</Unit>
		<Unit filename="ext/raylib/external/glfw/src/wgl_context.h" />
		<Unit filename="ext/raylib/external/glfw/src/win32_init.c">
			<Option compilerVar="CC" />
		</Unit>
		<Unit filename="ext/raylib/external/glfw/src/win32_joystick.c">
			<Option compilerVar="CC" />
		</Unit>
		<Unit filename="ext/raylib/external/glfw/src/win32_joystick.h" />
		<Unit filename="ext/raylib/external/glfw/src/win32_monitor.c">
			<Option compilerVar="CC" />
		</Unit>
		<Unit filename="ext/raylib/external/glfw/src/win32_platform.h" />
		<Unit filename="ext/raylib/external/glfw/src/win32_thread.c">
			<Option compilerVar="CC" />
		</Unit>
		<Unit filename="ext/raylib/external/glfw/src/win32_time.c">
			<Option compilerVar="CC" />
		</Unit>
		<Unit filename="ext/raylib/external/glfw/src/win32_window.c">
			<Option compilerVar="CC" />
		</Unit>
		<Unit filename="ext/raylib/external/glfw/src/window.c">
			<Option compilerVar="CC" />
		</Unit>
		<Unit filename="ext/raylib/external/glfw/src/wl_init.c">
			<Option compilerVar="CC" />
		</Unit>
		<Unit filename="ext/raylib/external/glfw/src/wl_monitor.c">
			<Option compilerVar="CC" />
		</Unit>
		<Unit filename="ext/raylib/external/glfw/src/wl_platform.h" />
		<Unit filename="ext/raylib/external/glfw/src/wl_window.c">
			<Option compilerVar="CC" />
		</Unit>
		<Unit filename="ext/raylib/external/glfw/src/x11_init.c">
			<Option compilerVar="CC" />
		</Unit>
		<Unit filename="ext/raylib/external/glfw/src/x11_monitor.c">
			<Option compilerVar="CC" />
		</Unit>
		<Unit filename="ext/raylib/external/glfw/src/x11_platform.h" />
		<Unit filename="ext/raylib/external/glfw/src/x11_window.c">
			<Option compilerVar="CC" />
		</Unit>
		<Unit filename="ext/raylib/external/glfw/src/xkb_unicode.c">
			<Option compilerVar="CC" />
		</Unit>
		<Unit filename="ext/raylib/external/glfw/src/xkb_unicode.h" />
		<Unit filename="ext/raylib/external/jar_mod.h" />
		<Unit filename="ext/raylib/external/jar_xm.h" />
		<Unit filename="ext/raylib/external/miniaudio.h" />
		<Unit filename="ext/raylib/external/msf_gif.h" />
		<Unit filename="ext/raylib/external/par_shapes.h" />
		<Unit filename="ext/raylib/external/stb_image.h" />
		<Unit filename="ext/raylib/external/stb_image_resize.h" />
		<Unit filename="ext/raylib/external/stb_image_write.h" />
		<Unit filename="ext/raylib/external/stb_perlin.h" />
		<Unit filename="ext/raylib/external/stb_rect_pack.h" />
		<Unit filename="ext/raylib/external/stb_truetype.h" />
		<Unit filename="ext/raylib/external/stb_vorbis.h" />
		<Unit filename="ext/raylib/external/tinyobj_loader_c.h" />
		<Unit filename="ext/raylib/gestures.h" />
		<Unit filename="ext/raylib/models.c">
			<Option compilerVar="CC" />
		</Unit>
		<Unit filename="ext/raylib/physac.h" />
		<Unit filename="ext/raylib/raudio.c">
			<Option compilerVar="CC" />
		</Unit>
		<Unit filename="ext/raylib/raudio.h" />
		<Unit filename="ext/raylib/raylib.h" />
		<Unit filename="ext/raylib/raymath.h" />
		<Unit filename="ext/raylib/rglfw.c">
			<Option compilerVar="CC" />
		</Unit>
		<Unit filename="ext/raylib/rlgl.h" />
		<Unit filename="ext/raylib/rmem.h" />
		<Unit filename="ext/raylib/rnet.h" />
		<Unit filename="ext/raylib/shapes.c">
			<Option compilerVar="CC" />
		</Unit>
		<Unit filename="ext/raylib/text.c">
			<Option compilerVar="CC" />
		</Unit>
		<Unit filename="ext/raylib/textures.c">
			<Option compilerVar="CC" />
		</Unit>
		<Unit filename="ext/raylib/utils.c">
			<Option compilerVar="CC" />
		</Unit>
		<Unit filename="ext/raylib/utils.h" />
		<Unit filename="ext/raylib/uwp_events.h" />
		<Unit filename="ext/tcc/include/GL/gl.h" />
		<Unit filename="ext/tcc/include/GL/glaux.h" />
		<Unit filename="ext/tcc/include/GL/glcorearb.h" />
		<Unit filename="ext/tcc/include/GL/glext.h" />
		<Unit filename="ext/tcc/include/GL/glu.h" />
		<Unit filename="ext/tcc/include/GL/glxext.h" />
		<Unit filename="ext/tcc/include/GL/wglext.h" />
		<Unit filename="ext/tcc/include/_mingw.h" />
		<Unit filename="ext/tcc/include/_mingw_dxhelper.h" />
		<Unit filename="ext/tcc/include/_mingw_mac.h" />
		<Unit filename="ext/tcc/include/_mingw_print_pop.h" />
		<Unit filename="ext/tcc/include/_mingw_print_push.h" />
		<Unit filename="ext/tcc/include/assert.h" />
		<Unit filename="ext/tcc/include/complex.h" />
		<Unit filename="ext/tcc/include/conio.h" />
		<Unit filename="ext/tcc/include/crtdbg.h" />
		<Unit filename="ext/tcc/include/crtdefs.h" />
		<Unit filename="ext/tcc/include/ctype.h" />
		<Unit filename="ext/tcc/include/dir.h" />
		<Unit filename="ext/tcc/include/direct.h" />
		<Unit filename="ext/tcc/include/dirent.h" />
		<Unit filename="ext/tcc/include/dlfcn.h" />
		<Unit filename="ext/tcc/include/dos.h" />
		<Unit filename="ext/tcc/include/dvec.h" />
		<Unit filename="ext/tcc/include/eh.h" />
		<Unit filename="ext/tcc/include/errno.h" />
		<Unit filename="ext/tcc/include/excpt.h" />
		<Unit filename="ext/tcc/include/fcntl.h" />
		<Unit filename="ext/tcc/include/fenv.h" />
		<Unit filename="ext/tcc/include/float.h" />
		<Unit filename="ext/tcc/include/fpieee.h" />
		<Unit filename="ext/tcc/include/fvec.h" />
		<Unit filename="ext/tcc/include/getopt.h" />
		<Unit filename="ext/tcc/include/ieeefp.h" />
		<Unit filename="ext/tcc/include/intrin.h" />
		<Unit filename="ext/tcc/include/inttypes.h" />
		<Unit filename="ext/tcc/include/io.h" />
		<Unit filename="ext/tcc/include/ivec.h" />
		<Unit filename="ext/tcc/include/libgen.h" />
		<Unit filename="ext/tcc/include/limits.h" />
		<Unit filename="ext/tcc/include/locale.h" />
		<Unit filename="ext/tcc/include/malloc.h" />
		<Unit filename="ext/tcc/include/math.h" />
		<Unit filename="ext/tcc/include/mbctype.h" />
		<Unit filename="ext/tcc/include/mbstring.h" />
		<Unit filename="ext/tcc/include/mem.h" />
		<Unit filename="ext/tcc/include/memory.h" />
		<Unit filename="ext/tcc/include/new.h" />
		<Unit filename="ext/tcc/include/physac.h" />
		<Unit filename="ext/tcc/include/process.h" />
		<Unit filename="ext/tcc/include/sdks/_mingw_ddk.h" />
		<Unit filename="ext/tcc/include/sdks/_mingw_directx.h" />
		<Unit filename="ext/tcc/include/search.h" />
		<Unit filename="ext/tcc/include/sec_api/conio_s.h" />
		<Unit filename="ext/tcc/include/sec_api/crtdbg_s.h" />
		<Unit filename="ext/tcc/include/sec_api/io_s.h" />
		<Unit filename="ext/tcc/include/sec_api/mbstring_s.h" />
		<Unit filename="ext/tcc/include/sec_api/search_s.h" />
		<Unit filename="ext/tcc/include/sec_api/stdio_s.h" />
		<Unit filename="ext/tcc/include/sec_api/stdlib_s.h" />
		<Unit filename="ext/tcc/include/sec_api/stralign_s.h" />
		<Unit filename="ext/tcc/include/sec_api/string_s.h" />
		<Unit filename="ext/tcc/include/sec_api/sys/timeb_s.h" />
		<Unit filename="ext/tcc/include/sec_api/tchar_s.h" />
		<Unit filename="ext/tcc/include/sec_api/time_s.h" />
		<Unit filename="ext/tcc/include/sec_api/wchar_s.h" />
		<Unit filename="ext/tcc/include/sehmap.h" />
		<Unit filename="ext/tcc/include/setjmp.h" />
		<Unit filename="ext/tcc/include/setjmpex.h" />
		<Unit filename="ext/tcc/include/share.h" />
		<Unit filename="ext/tcc/include/signal.h" />
		<Unit filename="ext/tcc/include/stdarg.h" />
		<Unit filename="ext/tcc/include/stdbool.h" />
		<Unit filename="ext/tcc/include/stddef.h" />
		<Unit filename="ext/tcc/include/stdexcpt.h" />
		<Unit filename="ext/tcc/include/stdint.h" />
		<Unit filename="ext/tcc/include/stdio.h" />
		<Unit filename="ext/tcc/include/stdlib.h" />
		<Unit filename="ext/tcc/include/string.h" />
		<Unit filename="ext/tcc/include/strings.h" />
		<Unit filename="ext/tcc/include/sys/fcntl.h" />
		<Unit filename="ext/tcc/include/sys/file.h" />
		<Unit filename="ext/tcc/include/sys/locking.h" />
		<Unit filename="ext/tcc/include/sys/stat.h" />
		<Unit filename="ext/tcc/include/sys/time.h" />
		<Unit filename="ext/tcc/include/sys/timeb.h" />
		<Unit filename="ext/tcc/include/sys/types.h" />
		<Unit filename="ext/tcc/include/sys/unistd.h" />
		<Unit filename="ext/tcc/include/sys/utime.h" />
		<Unit filename="ext/tcc/include/syslimits.h" />
		<Unit filename="ext/tcc/include/tcc/tcc_libm.h" />
		<Unit filename="ext/tcc/include/tcclib.h" />
		<Unit filename="ext/tcc/include/tchar.h" />
		<Unit filename="ext/tcc/include/time.h" />
		<Unit filename="ext/tcc/include/unistd.h" />
		<Unit filename="ext/tcc/include/utime.h" />
		<Unit filename="ext/tcc/include/vadefs.h" />
		<Unit filename="ext/tcc/include/values.h" />
		<Unit filename="ext/tcc/include/varargs.h" />
		<Unit filename="ext/tcc/include/wchar.h" />
		<Unit filename="ext/tcc/include/wctype.h" />
		<Unit filename="ext/tcc/include/winapi/basetsd.h" />
		<Unit filename="ext/tcc/include/winapi/basetyps.h" />
		<Unit filename="ext/tcc/include/winapi/cderr.h" />
		<Unit filename="ext/tcc/include/winapi/cguid.h" />
		<Unit filename="ext/tcc/include/winapi/commdlg.h" />
		<Unit filename="ext/tcc/include/winapi/dbt.h" />
		<Unit filename="ext/tcc/include/winapi/dde.h" />
		<Unit filename="ext/tcc/include/winapi/ddeml.h" />
		<Unit filename="ext/tcc/include/winapi/dinput.h" />
		<Unit filename="ext/tcc/include/winapi/dlgs.h" />
		<Unit filename="ext/tcc/include/winapi/dsound.h" />
		<Unit filename="ext/tcc/include/winapi/guiddef.h" />
		<Unit filename="ext/tcc/include/winapi/lzexpand.h" />
		<Unit filename="ext/tcc/include/winapi/mmreg.h" />
		<Unit filename="ext/tcc/include/winapi/mmsystem.h" />
		<Unit filename="ext/tcc/include/winapi/mswsock.h" />
		<Unit filename="ext/tcc/include/winapi/msxml2.h" />
		<Unit filename="ext/tcc/include/winapi/msxml2did.h" />
		<Unit filename="ext/tcc/include/winapi/msxmldid.h" />
		<Unit filename="ext/tcc/include/winapi/nb30.h" />
		<Unit filename="ext/tcc/include/winapi/oaidl.h" />
		<Unit filename="ext/tcc/include/winapi/objbase.h" />
		<Unit filename="ext/tcc/include/winapi/objidl.h" />
		<Unit filename="ext/tcc/include/winapi/ole2.h" />
		<Unit filename="ext/tcc/include/winapi/ole2ver.h" />
		<Unit filename="ext/tcc/include/winapi/oleauto.h" />
		<Unit filename="ext/tcc/include/winapi/oleidl.h" />
		<Unit filename="ext/tcc/include/winapi/poppack.h" />
		<Unit filename="ext/tcc/include/winapi/propidl.h" />
		<Unit filename="ext/tcc/include/winapi/prsht.h" />
		<Unit filename="ext/tcc/include/winapi/pshpack1.h" />
		<Unit filename="ext/tcc/include/winapi/pshpack2.h" />
		<Unit filename="ext/tcc/include/winapi/pshpack4.h" />
		<Unit filename="ext/tcc/include/winapi/pshpack8.h" />
		<Unit filename="ext/tcc/include/winapi/qos.h" />
		<Unit filename="ext/tcc/include/winapi/qosname.h" />
		<Unit filename="ext/tcc/include/winapi/qospol.h" />
		<Unit filename="ext/tcc/include/winapi/qossp.h" />
		<Unit filename="ext/tcc/include/winapi/rpc.h" />
		<Unit filename="ext/tcc/include/winapi/rpcasync.h" />
		<Unit filename="ext/tcc/include/winapi/rpcdce.h" />
		<Unit filename="ext/tcc/include/winapi/rpcdcep.h" />
		<Unit filename="ext/tcc/include/winapi/rpcndr.h" />
		<Unit filename="ext/tcc/include/winapi/rpcnsi.h" />
		<Unit filename="ext/tcc/include/winapi/rpcnsip.h" />
		<Unit filename="ext/tcc/include/winapi/rpcnterr.h" />
		<Unit filename="ext/tcc/include/winapi/rpcproxy.h" />
		<Unit filename="ext/tcc/include/winapi/rpcssl.h" />
		<Unit filename="ext/tcc/include/winapi/servprov.h" />
		<Unit filename="ext/tcc/include/winapi/shellapi.h" />
		<Unit filename="ext/tcc/include/winapi/specstrings.h" />
		<Unit filename="ext/tcc/include/winapi/stralign.h" />
		<Unit filename="ext/tcc/include/winapi/unknwn.h" />
		<Unit filename="ext/tcc/include/winapi/urlmon.h" />
		<Unit filename="ext/tcc/include/winapi/winbase.h" />
		<Unit filename="ext/tcc/include/winapi/wincon.h" />
		<Unit filename="ext/tcc/include/winapi/wincrypt.h" />
		<Unit filename="ext/tcc/include/winapi/windef.h" />
		<Unit filename="ext/tcc/include/winapi/windows.h" />
		<Unit filename="ext/tcc/include/winapi/windowsx.h" />
		<Unit filename="ext/tcc/include/winapi/winefs.h" />
		<Unit filename="ext/tcc/include/winapi/winerror.h" />
		<Unit filename="ext/tcc/include/winapi/wingdi.h" />
		<Unit filename="ext/tcc/include/winapi/winioctl.h" />
		<Unit filename="ext/tcc/include/winapi/winnetwk.h" />
		<Unit filename="ext/tcc/include/winapi/winnls.h" />
		<Unit filename="ext/tcc/include/winapi/winnls32.h" />
		<Unit filename="ext/tcc/include/winapi/winnt.h" />
		<Unit filename="ext/tcc/include/winapi/winperf.h" />
		<Unit filename="ext/tcc/include/winapi/winreg.h" />
		<Unit filename="ext/tcc/include/winapi/winscard.h" />
		<Unit filename="ext/tcc/include/winapi/winsmcrd.h" />
		<Unit filename="ext/tcc/include/winapi/winsock.h" />
		<Unit filename="ext/tcc/include/winapi/winsock2.h" />
		<Unit filename="ext/tcc/include/winapi/winspool.h" />
		<Unit filename="ext/tcc/include/winapi/winuser.h" />
		<Unit filename="ext/tcc/include/winapi/winver.h" />
		<Unit filename="ext/tcc/include/winapi/wtypes.h" />
		<Unit filename="ext/tcc/include/xinput.h" />
		<Unit filename="ext/tcc/include/xlocinfo.h" />
		<Unit filename="ext/tcc/include/xmath.h" />
		<Unit filename="ext/tcc/include/ymath.h" />
		<Unit filename="ext/tcc/include/yvals.h" />
		<Unit filename="ext/tcc/lib/crt1.c">
			<Option compilerVar="CC" />
		</Unit>
		<Unit filename="ext/tcc/lib/crt1w.c">
			<Option compilerVar="CC" />
		</Unit>
		<Unit filename="ext/tcc/lib/dllcrt1.c">
			<Option compilerVar="CC" />
		</Unit>
		<Unit filename="ext/tcc/lib/dllmain.c">
			<Option compilerVar="CC" />
		</Unit>
		<Unit filename="ext/tcc/lib/wincrt1.c">
			<Option compilerVar="CC" />
		</Unit>
		<Unit filename="ext/tcc/lib/wincrt1w.c">
			<Option compilerVar="CC" />
		</Unit>
		<Unit filename="ext/tcc/libtcc/libtcc.h" />
		<Unit filename="main.ib" />
		<Unit filename="src/ib_ide.c">
			<Option compilerVar="CC" />
		</Unit>
		<Unit filename="src/ib_ide.h" />
		<Unit filename="src/ibcolor.h" />
		<Unit filename="src/ibcommon.h" />
		<Unit filename="src/ibmain.c">
			<Option compilerVar="CC" />
		</Unit>
		<Unit filename="src/ibmain.h" />
		<Unit filename="src/ibmisc.h" />
		<Unit filename="src/ibop.h" />
		<Unit filename="src/imbored.c">
			<Option compilerVar="CC" />
		</Unit>
		<Unit filename="src/imbored.h" />
		<Unit filename="src/imp.c">
			<Option compilerVar="CC" />
		</Unit>
		<Extensions />
	</Project>
</CodeBlocks_project_file>
