
Microsoft Visual Studio Solution File, Format Version 10.00
# Visual C++ Express 2008
Project("{8BC9CEB8-8B4A-11D0-8D11-00A0C91BC942}") = "ImBoredVS2008", "ImBoredVS2008.vcproj", "{ED482121-4AF1-458A-9984-FF80B3B16868}"
EndProject
Global
	GlobalSection(SolutionConfigurationPlatforms) = preSolution
		Debug|Win32 = Debug|Win32
		Release|Win32 = Release|Win32
	EndGlobalSection
	GlobalSection(ProjectConfigurationPlatforms) = postSolution
		{ED482121-4AF1-458A-9984-FF80B3B16868}.Debug|Win32.ActiveCfg = Debug|Win32
		{ED482121-4AF1-458A-9984-FF80B3B16868}.Debug|Win32.Build.0 = Debug|Win32
		{ED482121-4AF1-458A-9984-FF80B3B16868}.Release|Win32.ActiveCfg = Release|Win32
		{ED482121-4AF1-458A-9984-FF80B3B16868}.Release|Win32.Build.0 = Release|Win32
	EndGlobalSection
	GlobalSection(SolutionProperties) = preSolution
		HideSolutionNode = FALSE
	EndGlobalSection
EndGlobal
