<?xml version="1.0" encoding="utf-8"?>
<Project ToolsVersion="4.0" xmlns="http://schemas.microsoft.com/developer/msbuild/2003">
  <ItemGroup>
    <Filter Include="src">
      <UniqueIdentifier>{e893bdf7-ab45-4bb8-a959-dc24bfce6030}</UniqueIdentifier>
    </Filter>
  </ItemGroup>
  <ItemGroup>
    <None Include="..\run.bat" />
    <None Include="..\main.ib" />
  </ItemGroup>
  <ItemGroup>
    <ClCompile Include="..\src\ibcodeblock.c">
      <Filter>src</Filter>
    </ClCompile>
    <ClCompile Include="..\src\ibdict.c">
      <Filter>src</Filter>
    </ClCompile>
    <ClCompile Include="..\src\ibexpects.c">
      <Filter>src</Filter>
    </ClCompile>
    <ClCompile Include="..\src\iblayer3.c">
      <Filter>src</Filter>
    </ClCompile>
    <ClCompile Include="..\src\ibmain.c">
      <Filter>src</Filter>
    </ClCompile>
    <ClCompile Include="..\src\ibnameinfo.c">
      <Filter>src</Filter>
    </ClCompile>
    <ClCompile Include="..\src\ibobj.c">
      <Filter>src</Filter>
    </ClCompile>
    <ClCompile Include="..\src\ibstr.c">
      <Filter>src</Filter>
    </ClCompile>
    <ClCompile Include="..\src\ibtask.c">
      <Filter>src</Filter>
    </ClCompile>
    <ClCompile Include="..\src\ibtypeinfo.c">
      <Filter>src</Filter>
    </ClCompile>
    <ClCompile Include="..\src\ibvec.c">
      <Filter>src</Filter>
    </ClCompile>
    <ClCompile Include="..\src\imbored.c">
      <Filter>src</Filter>
    </ClCompile>
  </ItemGroup>
  <ItemGroup>
    <ClInclude Include="..\src\ibcolor.h">
      <Filter>src</Filter>
    </ClInclude>
    <ClInclude Include="..\src\ibcommon.h">
      <Filter>src</Filter>
    </ClInclude>
    <ClInclude Include="..\src\ibop.h">
      <Filter>src</Filter>
    </ClInclude>
    <ClInclude Include="..\src\imbored.h">
      <Filter>src</Filter>
    </ClInclude>
  </ItemGroup>
</Project>