<?xml version="1.0" encoding="utf-8"?>
<Project ToolsVersion="4.0" xmlns="http://schemas.microsoft.com/developer/msbuild/2003">
  <ItemGroup>
    <Filter Include="src">
      <UniqueIdentifier>{e893bdf7-ab45-4bb8-a959-dc24bfce6030}</UniqueIdentifier>
    </Filter>
  </ItemGroup>
  <ItemGroup>
    <None Include="..\run.bat" />
    <None Include="..\main.ib" />
  </ItemGroup>
  <ItemGroup>
    <ClCompile Include="..\src\layer3.c">
      <Filter>src</Filter>
    </ClCompile>
    <ClCompile Include="..\src\payload.c">
      <Filter>src</Filter>
    </ClCompile>
    <ClCompile Include="..\src\imbored.c">
      <Filter>src</Filter>
    </ClCompile>
    <ClCompile Include="..\src\str.c">
      <Filter>src</Filter>
    </ClCompile>
    <ClCompile Include="..\src\vec.c">
      <Filter>src</Filter>
    </ClCompile>
    <ClCompile Include="..\src\expects.c">
      <Filter>src</Filter>
    </ClCompile>
    <ClCompile Include="..\src\obj.c">
      <Filter>src</Filter>
    </ClCompile>
    <ClCompile Include="..\src\nameinfo.c">
      <Filter>src</Filter>
    </ClCompile>
    <ClCompile Include="..\src\task.c">
      <Filter>src</Filter>
    </ClCompile>
    <ClCompile Include="..\src\main.c">
      <Filter>src</Filter>
    </ClCompile>
    <ClCompile Include="..\src\codeblock.c">
      <Filter>src</Filter>
    </ClCompile>
    <ClCompile Include="..\src\typeinfo.c">
      <Filter>src</Filter>
    </ClCompile>
    <ClCompile Include="..\src\layer3init.c">
      <Filter>src</Filter>
    </ClCompile>
    <ClCompile Include="..\src\finishtask.c">
      <Filter>src</Filter>
    </ClCompile>
    <ClCompile Include="..\src\pfxdot.c">
      <Filter>src</Filter>
    </ClCompile>
    <ClCompile Include="..\src\pfxexclaim.c">
      <Filter>src</Filter>
    </ClCompile>
    <ClCompile Include="..\src\pfxgreaterthan.c">
      <Filter>src</Filter>
    </ClCompile>
    <ClCompile Include="..\src\pfxlessthan.c">
      <Filter>src</Filter>
    </ClCompile>
    <ClCompile Include="..\src\pfxname.c">
      <Filter>src</Filter>
    </ClCompile>
    <ClCompile Include="..\src\pfxop.c">
      <Filter>src</Filter>
    </ClCompile>
    <ClCompile Include="..\src\pfxor.c">
      <Filter>src</Filter>
    </ClCompile>
    <ClCompile Include="..\src\pfxsinglequote.c">
      <Filter>src</Filter>
    </ClCompile>
    <ClCompile Include="..\src\pfxstring.c">
      <Filter>src</Filter>
    </ClCompile>
    <ClCompile Include="..\src\pfxvalue.c">
      <Filter>src</Filter>
    </ClCompile>
    <ClCompile Include="..\src\pfxvartype.c">
      <Filter>src</Filter>
    </ClCompile>
  </ItemGroup>
  <ItemGroup>
    <ClInclude Include="..\src\imbored.h">
      <Filter>src</Filter>
    </ClInclude>
    <ClInclude Include="..\src\common.h">
      <Filter>src</Filter>
    </ClInclude>
    <ClInclude Include="..\src\op.h">
      <Filter>src</Filter>
    </ClInclude>
    <ClInclude Include="..\src\color.h">
      <Filter>src</Filter>
    </ClInclude>
  </ItemGroup>
</Project>