
Microsoft Visual Studio Solution File, Format Version 12.00
# Visual Studio Version 17
VisualStudioVersion = 17.10.34928.147
MinimumVisualStudioVersion = 10.0.40219.1
Project("{8BC9CEB8-8B4A-11D0-8D11-00A0C91BC942}") = "Build", "Project1.vcxproj", "{40577DD2-A3C8-4991-981F-CF63BD42B73C}"
EndProject
Global
	GlobalSection(SolutionConfigurationPlatforms) = preSolution
		Debug|x64 = Debug|x64
	EndGlobalSection
	GlobalSection(ProjectConfigurationPlatforms) = postSolution
		{40577DD2-A3C8-4991-981F-CF63BD42B73C}.Debug|x64.ActiveCfg = Debug|x64
		{40577DD2-A3C8-4991-981F-CF63BD42B73C}.Debug|x64.Build.0 = Debug|x64
	EndGlobalSection
	GlobalSection(SolutionProperties) = preSolution
		HideSolutionNode = FALSE
	EndGlobalSection
	GlobalSection(ExtensibilityGlobals) = postSolution
		SolutionGuid = {99AF4D5A-736A-410A-84BE-A91F97B32393}
	EndGlobalSection
EndGlobal
